# @generated - this file is auto-generated by `mise lock` https://mise.en.dev/dev-tools/mise-lock.html

[[tools."gem:reek"]]
version = "6.5.0"
backend = "gem:reek"

[[tools."gem:rubocop"]]
version = "1.88.1"
backend = "gem:rubocop"

[[tools.ruby]]
version = "4.0.5"
backend = "core:ruby"

[tools.ruby.options]
compile = "false"
precompiled_url = "jdx/ruby"
ruby_build_repo = "https://github.com/rbenv/ruby-build.git"
ruby_install = "false"
